<?xml version="1.0" encoding="utf-8"?>
<Project ToolsVersion="4.0" xmlns="http://schemas.microsoft.com/developer/msbuild/2003">
  <ItemGroup>
    <Filter Include="Source Files">
      <UniqueIdentifier>{4FC737F1-C7A5-4376-A066-2A32D752A2FF}</UniqueIdentifier>
      <Extensions>cpp;c;cc;cxx;def;odl;idl;hpj;bat;asm;asmx</Extensions>
    </Filter>
    <Filter Include="Header Files">
      <UniqueIdentifier>{93995380-89BD-4b04-88EB-625FBE52EBFB}</UniqueIdentifier>
      <Extensions>h;hpp;hxx;hm;inl;inc;xsd</Extensions>
    </Filter>
    <Filter Include="Resource Files">
      <UniqueIdentifier>{67DA6AB6-F800-4c08-8B7A-83BB121AAD01}</UniqueIdentifier>
      <Extensions>rc;ico;cur;bmp;dlg;rc2;rct;bin;rgs;gif;jpg;jpeg;jpe;resx;tiff;tif;png;wav</Extensions>
    </Filter>
  </ItemGroup>
  <ItemGroup>
    <ClCompile Include="AccessPoint.cpp">
      <Filter>Source Files</Filter>
    </ClCompile>
    <ClCompile Include="async.cpp">
      <Filter>Source Files</Filter>
    </ClCompile>
    <ClCompile Include="ConfigApi.cpp">
      <Filter>Source Files</Filter>
    </ClCompile>
    <ClCompile Include="DestinationClient.cpp">
      <Filter>Source Files</Filter>
    </ClCompile>
    <ClCompile Include="ExponentialSmoothData.cpp">
      <Filter>Source Files</Filter>
    </ClCompile>
    <ClCompile Include="FileDataProvider.cpp">
      <Filter>Source Files</Filter>
    </ClCompile>
    <ClCompile Include="FileObserver.cpp">
      <Filter>Source Files</Filter>
    </ClCompile>
    <ClCompile Include="flavor.cpp">
      <Filter>Source Files</Filter>
    </ClCompile>
    <ClCompile Include="main.cpp">
      <Filter>Source Files</Filter>
    </ClCompile>
    <ClCompile Include="McrouterLogger.cpp">
      <Filter>Source Files</Filter>
    </ClCompile>
    <ClCompile Include="mcrouter_config.cpp">
      <Filter>Source Files</Filter>
    </ClCompile>
    <ClCompile Include="options.cpp">
      <Filter>Source Files</Filter>
    </ClCompile>
    <ClCompile Include="pclient.cpp">
      <Filter>Source Files</Filter>
    </ClCompile>
    <ClCompile Include="PeriodicTaskScheduler.cpp">
      <Filter>Source Files</Filter>
    </ClCompile>
    <ClCompile Include="PoolFactory.cpp">
      <Filter>Source Files</Filter>
    </ClCompile>
    <ClCompile Include="priorities.cpp">
      <Filter>Source Files</Filter>
    </ClCompile>
    <ClCompile Include="proxy.cpp">
      <Filter>Source Files</Filter>
    </ClCompile>
    <ClCompile Include="ProxyClientCommon.cpp">
      <Filter>Source Files</Filter>
    </ClCompile>
    <ClCompile Include="ProxyConfig.cpp">
      <Filter>Source Files</Filter>
    </ClCompile>
    <ClCompile Include="ProxyConfigBuilder.cpp">
      <Filter>Source Files</Filter>
    </ClCompile>
    <ClCompile Include="ProxyDestination.cpp">
      <Filter>Source Files</Filter>
    </ClCompile>
    <ClCompile Include="ProxyDestinationMap.cpp">
      <Filter>Source Files</Filter>
    </ClCompile>
    <ClCompile Include="ProxyMcReply.cpp">
      <Filter>Source Files</Filter>
    </ClCompile>
    <ClCompile Include="ProxyMcRequest.cpp">
      <Filter>Source Files</Filter>
    </ClCompile>
    <ClCompile Include="ProxyRequestContext.cpp">
      <Filter>Source Files</Filter>
    </ClCompile>
    <ClCompile Include="ProxyThread.cpp">
      <Filter>Source Files</Filter>
    </ClCompile>
    <ClCompile Include="RecordingContext.cpp">
      <Filter>Source Files</Filter>
    </ClCompile>
    <ClCompile Include="route.cpp">
      <Filter>Source Files</Filter>
    </ClCompile>
    <ClCompile Include="router.cpp">
      <Filter>Source Files</Filter>
    </ClCompile>
    <ClCompile Include="RoutingPrefix.cpp">
      <Filter>Source Files</Filter>
    </ClCompile>
    <ClCompile Include="RuntimeVarsData.cpp">
      <Filter>Source Files</Filter>
    </ClCompile>
    <ClCompile Include="server.cpp">
      <Filter>Source Files</Filter>
    </ClCompile>
    <ClCompile Include="ServiceInfo.cpp">
      <Filter>Source Files</Filter>
    </ClCompile>
    <ClCompile Include="standalone_options.cpp">
      <Filter>Source Files</Filter>
    </ClCompile>
    <ClCompile Include="stats.cpp">
      <Filter>Source Files</Filter>
    </ClCompile>
    <ClCompile Include="TkoLog.cpp">
      <Filter>Source Files</Filter>
    </ClCompile>
    <ClCompile Include="TkoTracker.cpp">
      <Filter>Source Files</Filter>
    </ClCompile>
    <ClCompile Include="lib\IOBufUtil.cpp">
      <Filter>Source Files</Filter>
    </ClCompile>
    <ClCompile Include="lib\McReplyBase.cpp">
      <Filter>Source Files</Filter>
    </ClCompile>
    <ClCompile Include="lib\McRequestBase.cpp">
      <Filter>Source Files</Filter>
    </ClCompile>
    <ClCompile Include="lib\StatsReply.cpp">
      <Filter>Source Files</Filter>
    </ClCompile>
    <ClCompile Include="lib\WeightedCh3HashFunc.cpp">
      <Filter>Source Files</Filter>
    </ClCompile>
    <ClCompile Include="lib\config\ConfigPreprocessor.cpp">
      <Filter>Source Files</Filter>
    </ClCompile>
    <ClCompile Include="lib\config\test\config_preprocessor_test.cpp">
      <Filter>Source Files</Filter>
    </ClCompile>
    <ClCompile Include="lib\config\test\routehandlefactory_test.cpp">
      <Filter>Source Files</Filter>
    </ClCompile>
    <ClCompile Include="lib\fbi\asox_queue.c">
      <Filter>Source Files</Filter>
    </ClCompile>
    <ClCompile Include="lib\fbi\asox_semaphore.c">
      <Filter>Source Files</Filter>
    </ClCompile>
    <ClCompile Include="lib\fbi\asox_timer.c">
      <Filter>Source Files</Filter>
    </ClCompile>
    <ClCompile Include="lib\fbi\counter.c">
      <Filter>Source Files</Filter>
    </ClCompile>
    <ClCompile Include="lib\fbi\counting_sem.c">
      <Filter>Source Files</Filter>
    </ClCompile>
    <ClCompile Include="lib\fbi\cwlock.c">
      <Filter>Source Files</Filter>
    </ClCompile>
    <ClCompile Include="lib\fbi\debug.c">
      <Filter>Source Files</Filter>
    </ClCompile>
    <ClCompile Include="lib\fbi\error.c">
      <Filter>Source Files</Filter>
    </ClCompile>
    <ClCompile Include="lib\fbi\fb_cpu_util.c">
      <Filter>Source Files</Filter>
    </ClCompile>
    <ClCompile Include="lib\fbi\hash.c">
      <Filter>Source Files</Filter>
    </ClCompile>
    <ClCompile Include="lib\fbi\lfcalloc.c">
      <Filter>Source Files</Filter>
    </ClCompile>
    <ClCompile Include="lib\fbi\log_limit.c">
      <Filter>Source Files</Filter>
    </ClCompile>
    <ClCompile Include="lib\fbi\network.c">
      <Filter>Source Files</Filter>
    </ClCompile>
    <ClCompile Include="lib\fbi\nstring.c">
      <Filter>Source Files</Filter>
    </ClCompile>
    <ClCompile Include="lib\fbi\sfrlock.c">
      <Filter>Source Files</Filter>
    </ClCompile>
    <ClCompile Include="lib\fbi\skiplist.c">
      <Filter>Source Files</Filter>
    </ClCompile>
    <ClCompile Include="lib\fbi\timer.c">
      <Filter>Source Files</Filter>
    </ClCompile>
    <ClCompile Include="lib\fbi\util.c">
      <Filter>Source Files</Filter>
    </ClCompile>
    <ClCompile Include="lib\fbi\waitable_count.c">
      <Filter>Source Files</Filter>
    </ClCompile>
    <ClCompile Include="lib\fbi\cpp\globals.cpp">
      <Filter>Source Files</Filter>
    </ClCompile>
    <ClCompile Include="lib\fbi\cpp\LogFailure.cpp">
      <Filter>Source Files</Filter>
    </ClCompile>
    <ClCompile Include="lib\fbi\cpp\util.cpp">
      <Filter>Source Files</Filter>
    </ClCompile>
    <ClCompile Include="lib\fbi\cpp\test\ObjectPoolTests.cpp">
      <Filter>Source Files</Filter>
    </ClCompile>
    <ClCompile Include="lib\fbi\cpp\test\TrieBenchmarks.cpp">
      <Filter>Source Files</Filter>
    </ClCompile>
    <ClCompile Include="lib\fbi\cpp\test\TrieTests.cpp">
      <Filter>Source Files</Filter>
    </ClCompile>
    <ClCompile Include="lib\fbi\examples\thread-errs.c">
      <Filter>Source Files</Filter>
    </ClCompile>
    <ClCompile Include="lib\fbi\test\asox_queue_test.cpp">
      <Filter>Source Files</Filter>
    </ClCompile>
    <ClCompile Include="lib\fbi\test\asox_sem_test.cpp">
      <Filter>Source Files</Filter>
    </ClCompile>
    <ClCompile Include="lib\fbi\test\counter_test.cpp">
      <Filter>Source Files</Filter>
    </ClCompile>
    <ClCompile Include="lib\fbi\test\cwlock_test.cpp">
      <Filter>Source Files</Filter>
    </ClCompile>
    <ClCompile Include="lib\fbi\test\hash_test.cpp">
      <Filter>Source Files</Filter>
    </ClCompile>
    <ClCompile Include="lib\fbi\test\log_coalesce_test.cpp">
      <Filter>Source Files</Filter>
    </ClCompile>
    <ClCompile Include="lib\fbi\test\log_tid_tests.cpp">
      <Filter>Source Files</Filter>
    </ClCompile>
    <ClCompile Include="lib\fbi\test\sem_test.cpp">
      <Filter>Source Files</Filter>
    </ClCompile>
    <ClCompile Include="lib\fbi\test\sfrlock_test.cpp">
      <Filter>Source Files</Filter>
    </ClCompile>
    <ClCompile Include="lib\fbi\test\test_util.cpp">
      <Filter>Source Files</Filter>
    </ClCompile>
    <ClCompile Include="lib\fbi\test\timer_tests.cpp">
      <Filter>Source Files</Filter>
    </ClCompile>
    <ClCompile Include="lib\fibers\Baton.cpp">
      <Filter>Source Files</Filter>
    </ClCompile>
    <ClCompile Include="lib\fibers\Fiber.cpp">
      <Filter>Source Files</Filter>
    </ClCompile>
    <ClCompile Include="lib\fibers\FiberManager.cpp">
      <Filter>Source Files</Filter>
    </ClCompile>
    <ClCompile Include="lib\fibers\TimeoutController.cpp">
      <Filter>Source Files</Filter>
    </ClCompile>
    <ClCompile Include="lib\fibers\test\FibersTest.cpp">
      <Filter>Source Files</Filter>
    </ClCompile>
    <ClCompile Include="lib\fibers\test\FibersTestApp.cpp">
      <Filter>Source Files</Filter>
    </ClCompile>
    <ClCompile Include="lib\fibers\test\main.cpp">
      <Filter>Source Files</Filter>
    </ClCompile>
    <ClCompile Include="lib\mc\ascii_response.c">
      <Filter>Source Files</Filter>
    </ClCompile>
    <ClCompile Include="lib\mc\mc_fbtrace_info.c">
      <Filter>Source Files</Filter>
    </ClCompile>
    <ClCompile Include="lib\mc\msg.c">
      <Filter>Source Files</Filter>
    </ClCompile>
    <ClCompile Include="lib\mc\parser.c">
      <Filter>Source Files</Filter>
    </ClCompile>
    <ClCompile Include="lib\mc\protocol.c">
      <Filter>Source Files</Filter>
    </ClCompile>
    <ClCompile Include="lib\mc\umbrella.c">
      <Filter>Source Files</Filter>
    </ClCompile>
    <ClCompile Include="lib\mc\umbrella_protocol.c">
      <Filter>Source Files</Filter>
    </ClCompile>
    <ClCompile Include="lib\mc\test\UmbrellaTest.cpp">
      <Filter>Source Files</Filter>
    </ClCompile>
    <ClCompile Include="lib\network\AsyncMcClientImpl.cpp">
      <Filter>Source Files</Filter>
    </ClCompile>
    <ClCompile Include="lib\network\AsyncMcServer.cpp">
      <Filter>Source Files</Filter>
    </ClCompile>
    <ClCompile Include="lib\network\AsyncMcServerWorker.cpp">
      <Filter>Source Files</Filter>
    </ClCompile>
    <ClCompile Include="lib\network\McParser.cpp">
      <Filter>Source Files</Filter>
    </ClCompile>
    <ClCompile Include="lib\network\McSerializedRequest.cpp">
      <Filter>Source Files</Filter>
    </ClCompile>
    <ClCompile Include="lib\network\McServerRequestContext.cpp">
      <Filter>Source Files</Filter>
    </ClCompile>
    <ClCompile Include="lib\network\McServerSession.cpp">
      <Filter>Source Files</Filter>
    </ClCompile>
    <ClCompile Include="lib\network\MultiOpParent.cpp">
      <Filter>Source Files</Filter>
    </ClCompile>
    <ClCompile Include="lib\network\ThreadLocalSSLContextProvider.cpp">
      <Filter>Source Files</Filter>
    </ClCompile>
    <ClCompile Include="lib\network\UmbrellaProtocol.cpp">
      <Filter>Source Files</Filter>
    </ClCompile>
    <ClCompile Include="lib\network\WriteBuffer.cpp">
      <Filter>Source Files</Filter>
    </ClCompile>
    <ClCompile Include="lib\network\test\AsyncMcClientTest.cpp">
      <Filter>Source Files</Filter>
    </ClCompile>
    <ClCompile Include="lib\network\test\MockMc.cpp">
      <Filter>Source Files</Filter>
    </ClCompile>
    <ClCompile Include="lib\network\test\MockMcServer.cpp">
      <Filter>Source Files</Filter>
    </ClCompile>
    <ClCompile Include="lib\network\test\SessionTest.cpp">
      <Filter>Source Files</Filter>
    </ClCompile>
    <ClCompile Include="lib\network\test\SessionTestHarness.cpp">
      <Filter>Source Files</Filter>
    </ClCompile>
    <ClCompile Include="lib\test\Ch3HashTest.cpp">
      <Filter>Source Files</Filter>
    </ClCompile>
    <ClCompile Include="lib\test\Crc32HashTest.cpp">
      <Filter>Source Files</Filter>
    </ClCompile>
    <ClCompile Include="lib\test\FailoverRouteTest.cpp">
      <Filter>Source Files</Filter>
    </ClCompile>
    <ClCompile Include="lib\test\LatestRouteTest.cpp">
      <Filter>Source Files</Filter>
    </ClCompile>
    <ClCompile Include="lib\test\Main.cpp">
      <Filter>Source Files</Filter>
    </ClCompile>
    <ClCompile Include="lib\test\MigrateRouteTest.cpp">
      <Filter>Source Files</Filter>
    </ClCompile>
    <ClCompile Include="lib\test\MissFailoverRouteTest.cpp">
      <Filter>Source Files</Filter>
    </ClCompile>
    <ClCompile Include="lib\test\RequestReplyTest.cpp">
      <Filter>Source Files</Filter>
    </ClCompile>
    <ClCompile Include="lib\test\RouteHandleTest.cpp">
      <Filter>Source Files</Filter>
    </ClCompile>
    <ClCompile Include="lib\test\WarmUpRouteTest.cpp">
      <Filter>Source Files</Filter>
    </ClCompile>
    <ClCompile Include="lib\test\WeightedCh3HashFuncTest.cpp">
      <Filter>Source Files</Filter>
    </ClCompile>
    <ClCompile Include="routes\AllAsyncRoute.cpp">
      <Filter>Source Files</Filter>
    </ClCompile>
    <ClCompile Include="routes\AllFastestRoute.cpp">
      <Filter>Source Files</Filter>
    </ClCompile>
    <ClCompile Include="routes\AllInitialRoute.cpp">
      <Filter>Source Files</Filter>
    </ClCompile>
    <ClCompile Include="routes\AllMajorityRoute.cpp">
      <Filter>Source Files</Filter>
    </ClCompile>
    <ClCompile Include="routes\AllSyncRoute.cpp">
      <Filter>Source Files</Filter>
    </ClCompile>
    <ClCompile Include="routes\AsynclogRoute.cpp">
      <Filter>Source Files</Filter>
    </ClCompile>
    <ClCompile Include="routes\BigValueRoute.cpp">
      <Filter>Source Files</Filter>
    </ClCompile>
    <ClCompile Include="routes\DestinationRoute.cpp">
      <Filter>Source Files</Filter>
    </ClCompile>
    <ClCompile Include="routes\DevNullRoute.cpp">
      <Filter>Source Files</Filter>
    </ClCompile>
    <ClCompile Include="routes\ErrorRoute.cpp">
      <Filter>Source Files</Filter>
    </ClCompile>
    <ClCompile Include="routes\FailoverRoute.cpp">
      <Filter>Source Files</Filter>
    </ClCompile>
    <ClCompile Include="routes\FailoverWithExptimeRoute.cpp">
      <Filter>Source Files</Filter>
    </ClCompile>
    <ClCompile Include="routes\FailoverWithExptimeRouteIf.cpp">
      <Filter>Source Files</Filter>
    </ClCompile>
    <ClCompile Include="routes\HashRoute.cpp">
      <Filter>Source Files</Filter>
    </ClCompile>
    <ClCompile Include="routes\HostIdRoute.cpp">
      <Filter>Source Files</Filter>
    </ClCompile>
    <ClCompile Include="routes\LatestRoute.cpp">
      <Filter>Source Files</Filter>
    </ClCompile>
    <ClCompile Include="routes\McExtraRouteHandleProvider.cpp">
      <Filter>Source Files</Filter>
    </ClCompile>
    <ClCompile Include="routes\McImportResolver.cpp">
      <Filter>Source Files</Filter>
    </ClCompile>
    <ClCompile Include="routes\McRouteHandleProvider.cpp">
      <Filter>Source Files</Filter>
    </ClCompile>
    <ClCompile Include="routes\MigrateRoute.cpp">
      <Filter>Source Files</Filter>
    </ClCompile>
    <ClCompile Include="routes\MissFailoverRoute.cpp">
      <Filter>Source Files</Filter>
    </ClCompile>
    <ClCompile Include="routes\NullRoute.cpp">
      <Filter>Source Files</Filter>
    </ClCompile>
    <ClCompile Include="routes\PrefixPolicyRoute.cpp">
      <Filter>Source Files</Filter>
    </ClCompile>
    <ClCompile Include="routes\PrefixRouteSelector.cpp">
      <Filter>Source Files</Filter>
    </ClCompile>
    <ClCompile Include="routes\RateLimiter.cpp">
      <Filter>Source Files</Filter>
    </ClCompile>
    <ClCompile Include="routes\RateLimitRoute.cpp">
      <Filter>Source Files</Filter>
    </ClCompile>
    <ClCompile Include="routes\ReliablePoolRoute.cpp">
      <Filter>Source Files</Filter>
    </ClCompile>
    <ClCompile Include="routes\RouteHandleMap.cpp">
      <Filter>Source Files</Filter>
    </ClCompile>
    <ClCompile Include="routes\RoutePolicyMap.cpp">
      <Filter>Source Files</Filter>
    </ClCompile>
    <ClCompile Include="routes\ShadowRoute.cpp">
      <Filter>Source Files</Filter>
    </ClCompile>
    <ClCompile Include="routes\ShardHashFunc.cpp">
      <Filter>Source Files</Filter>
    </ClCompile>
    <ClCompile Include="routes\ShardSplitRoute.cpp">
      <Filter>Source Files</Filter>
    </ClCompile>
    <ClCompile Include="routes\ShardSplitter.cpp">
      <Filter>Source Files</Filter>
    </ClCompile>
    <ClCompile Include="routes\WarmUpRoute.cpp">
      <Filter>Source Files</Filter>
    </ClCompile>
    <ClCompile Include="routes\test\BigValueRouteTest.cpp">
      <Filter>Source Files</Filter>
    </ClCompile>
    <ClCompile Include="routes\test\ConstShardHashFuncTest.cpp">
      <Filter>Source Files</Filter>
    </ClCompile>
    <ClCompile Include="routes\test\FailoverWithExptimeRouteTest.cpp">
      <Filter>Source Files</Filter>
    </ClCompile>
    <ClCompile Include="routes\test\Main.cpp">
      <Filter>Source Files</Filter>
    </ClCompile>
    <ClCompile Include="routes\test\RateLimitRouteTest.cpp">
      <Filter>Source Files</Filter>
    </ClCompile>
    <ClCompile Include="routes\test\ReliablePoolRouteTest.cpp">
      <Filter>Source Files</Filter>
    </ClCompile>
    <ClCompile Include="routes\test\ShadowRouteTest.cpp">
      <Filter>Source Files</Filter>
    </ClCompile>
    <ClCompile Include="test\cpp_unit_tests\AccessPointTest.cpp">
      <Filter>Source Files</Filter>
    </ClCompile>
    <ClCompile Include="test\cpp_unit_tests\awriter_test.cpp">
      <Filter>Source Files</Filter>
    </ClCompile>
    <ClCompile Include="test\cpp_unit_tests\config_api_test.cpp">
      <Filter>Source Files</Filter>
    </ClCompile>
    <ClCompile Include="test\cpp_unit_tests\file_observer_test.cpp">
      <Filter>Source Files</Filter>
    </ClCompile>
    <ClCompile Include="test\cpp_unit_tests\libmcrouter_test.cpp">
      <Filter>Source Files</Filter>
    </ClCompile>
    <ClCompile Include="test\cpp_unit_tests\mcrouter_cpp_tests.cpp">
      <Filter>Source Files</Filter>
    </ClCompile>
    <ClCompile Include="test\cpp_unit_tests\mcrouter_test_client.cpp">
      <Filter>Source Files</Filter>
    </ClCompile>
    <ClCompile Include="test\cpp_unit_tests\mc_route_handle_provider_test.cpp">
      <Filter>Source Files</Filter>
    </ClCompile>
    <ClCompile Include="test\cpp_unit_tests\MemcacheLocal.cpp">
      <Filter>Source Files</Filter>
    </ClCompile>
    <ClCompile Include="test\cpp_unit_tests\observable_test.cpp">
      <Filter>Source Files</Filter>
    </ClCompile>
    <ClCompile Include="test\cpp_unit_tests\options_test.cpp">
      <Filter>Source Files</Filter>
    </ClCompile>
    <ClCompile Include="test\cpp_unit_tests\periodic_task_scheduler_test.cpp">
      <Filter>Source Files</Filter>
    </ClCompile>
    <ClCompile Include="test\cpp_unit_tests\route_test.cpp">
      <Filter>Source Files</Filter>
    </ClCompile>
    <ClCompile Include="test\cpp_unit_tests\runtime_vars_data_test.cpp">
      <Filter>Source Files</Filter>
    </ClCompile>
    <ClCompile Include="test\cpp_unit_tests\TokenBucketTest.cpp">
      <Filter>Source Files</Filter>
    </ClCompile>
  </ItemGroup>
  <ItemGroup>
    <ClInclude Include="AccessPoint.h">
      <Filter>Header Files</Filter>
    </ClInclude>
    <ClInclude Include="async.h">
      <Filter>Header Files</Filter>
    </ClInclude>
    <ClInclude Include="AtomicTokenBucket.h">
      <Filter>Header Files</Filter>
    </ClInclude>
    <ClInclude Include="awriter.h">
      <Filter>Header Files</Filter>
    </ClInclude>
    <ClInclude Include="CallbackPool-inl.h">
      <Filter>Header Files</Filter>
    </ClInclude>
    <ClInclude Include="CallbackPool.h">
      <Filter>Header Files</Filter>
    </ClInclude>
    <ClInclude Include="ConfigApi.h">
      <Filter>Header Files</Filter>
    </ClInclude>
    <ClInclude Include="DestinationClient.h">
      <Filter>Header Files</Filter>
    </ClInclude>
    <ClInclude Include="ExponentialSmoothData.h">
      <Filter>Header Files</Filter>
    </ClInclude>
    <ClInclude Include="FileDataProvider.h">
      <Filter>Header Files</Filter>
    </ClInclude>
    <ClInclude Include="FileObserver.h">
      <Filter>Header Files</Filter>
    </ClInclude>
    <ClInclude Include="flavor.h">
      <Filter>Header Files</Filter>
    </ClInclude>
    <ClInclude Include="LoggingProxyRequestContext.h">
      <Filter>Header Files</Filter>
    </ClInclude>
    <ClInclude Include="McrouterLogFailure.h">
      <Filter>Header Files</Filter>
    </ClInclude>
    <ClInclude Include="McrouterLogger.h">
      <Filter>Header Files</Filter>
    </ClInclude>
    <ClInclude Include="mcrouter_client.h">
      <Filter>Header Files</Filter>
    </ClInclude>
    <ClInclude Include="mcrouter_config-impl.h">
      <Filter>Header Files</Filter>
    </ClInclude>
    <ClInclude Include="mcrouter_config.h">
      <Filter>Header Files</Filter>
    </ClInclude>
    <ClInclude Include="mcrouter_options_list.h">
      <Filter>Header Files</Filter>
    </ClInclude>
    <ClInclude Include="Observable-inl.h">
      <Filter>Header Files</Filter>
    </ClInclude>
    <ClInclude Include="Observable.h">
      <Filter>Header Files</Filter>
    </ClInclude>
    <ClInclude Include="options-template.h">
      <Filter>Header Files</Filter>
    </ClInclude>
    <ClInclude Include="options.h">
      <Filter>Header Files</Filter>
    </ClInclude>
    <ClInclude Include="pclient-inl.h">
      <Filter>Header Files</Filter>
    </ClInclude>
    <ClInclude Include="pclient.h">
      <Filter>Header Files</Filter>
    </ClInclude>
    <ClInclude Include="PeriodicTaskScheduler.h">
      <Filter>Header Files</Filter>
    </ClInclude>
    <ClInclude Include="PoolFactory.h">
      <Filter>Header Files</Filter>
    </ClInclude>
    <ClInclude Include="PoolFactoryIf.h">
      <Filter>Header Files</Filter>
    </ClInclude>
    <ClInclude Include="priorities.h">
      <Filter>Header Files</Filter>
    </ClInclude>
    <ClInclude Include="proxy.h">
      <Filter>Header Files</Filter>
    </ClInclude>
    <ClInclude Include="ProxyClientCommon.h">
      <Filter>Header Files</Filter>
    </ClInclude>
    <ClInclude Include="ProxyConfig.h">
      <Filter>Header Files</Filter>
    </ClInclude>
    <ClInclude Include="ProxyConfigBuilder.h">
      <Filter>Header Files</Filter>
    </ClInclude>
    <ClInclude Include="ProxyConfigIf.h">
      <Filter>Header Files</Filter>
    </ClInclude>
    <ClInclude Include="ProxyDestination.h">
      <Filter>Header Files</Filter>
    </ClInclude>
    <ClInclude Include="ProxyDestinationMap.h">
      <Filter>Header Files</Filter>
    </ClInclude>
    <ClInclude Include="ProxyMcReply.h">
      <Filter>Header Files</Filter>
    </ClInclude>
    <ClInclude Include="ProxyMcRequest.h">
      <Filter>Header Files</Filter>
    </ClInclude>
    <ClInclude Include="ProxyRequestContext.h">
      <Filter>Header Files</Filter>
    </ClInclude>
    <ClInclude Include="ProxyRequestLogger-inl.h">
      <Filter>Header Files</Filter>
    </ClInclude>
    <ClInclude Include="ProxyRequestLogger.h">
      <Filter>Header Files</Filter>
    </ClInclude>
    <ClInclude Include="ProxyThread.h">
      <Filter>Header Files</Filter>
    </ClInclude>
    <ClInclude Include="RecordingContext.h">
      <Filter>Header Files</Filter>
    </ClInclude>
    <ClInclude Include="route.h">
      <Filter>Header Files</Filter>
    </ClInclude>
    <ClInclude Include="router.h">
      <Filter>Header Files</Filter>
    </ClInclude>
    <ClInclude Include="RoutingPrefix.h">
      <Filter>Header Files</Filter>
    </ClInclude>
    <ClInclude Include="RuntimeVarsData.h">
      <Filter>Header Files</Filter>
    </ClInclude>
    <ClInclude Include="server.h">
      <Filter>Header Files</Filter>
    </ClInclude>
    <ClInclude Include="ServiceInfo.h">
      <Filter>Header Files</Filter>
    </ClInclude>
    <ClInclude Include="standalone_options.h">
      <Filter>Header Files</Filter>
    </ClInclude>
    <ClInclude Include="standalone_options_list.h">
      <Filter>Header Files</Filter>
    </ClInclude>
    <ClInclude Include="stats.h">
      <Filter>Header Files</Filter>
    </ClInclude>
    <ClInclude Include="stat_list.h">
      <Filter>Header Files</Filter>
    </ClInclude>
    <ClInclude Include="TkoCounters.h">
      <Filter>Header Files</Filter>
    </ClInclude>
    <ClInclude Include="TkoLog.h">
      <Filter>Header Files</Filter>
    </ClInclude>
    <ClInclude Include="TkoTracker.h">
      <Filter>Header Files</Filter>
    </ClInclude>
    <ClInclude Include="TokenBucket.h">
      <Filter>Header Files</Filter>
    </ClInclude>
    <ClInclude Include="_router.h">
      <Filter>Header Files</Filter>
    </ClInclude>
    <ClInclude Include="lib\Ch3HashFunc.h">
      <Filter>Header Files</Filter>
    </ClInclude>
    <ClInclude Include="lib\Crc32HashFunc.h">
      <Filter>Header Files</Filter>
    </ClInclude>
    <ClInclude Include="lib\IOBufUtil.h">
      <Filter>Header Files</Filter>
    </ClInclude>
    <ClInclude Include="lib\McMsgRef.h">
      <Filter>Header Files</Filter>
    </ClInclude>
    <ClInclude Include="lib\McOperation.h">
      <Filter>Header Files</Filter>
    </ClInclude>
    <ClInclude Include="lib\McOperationTraits.h">
      <Filter>Header Files</Filter>
    </ClInclude>
    <ClInclude Include="lib\McOpList.h">
      <Filter>Header Files</Filter>
    </ClInclude>
    <ClInclude Include="lib\McReply.h">
      <Filter>Header Files</Filter>
    </ClInclude>
    <ClInclude Include="lib\McReplyBase-inl.h">
      <Filter>Header Files</Filter>
    </ClInclude>
    <ClInclude Include="lib\McReplyBase.h">
      <Filter>Header Files</Filter>
    </ClInclude>
    <ClInclude Include="lib\McRequest.h">
      <Filter>Header Files</Filter>
    </ClInclude>
    <ClInclude Include="lib\McRequestBase.h">
      <Filter>Header Files</Filter>
    </ClInclude>
    <ClInclude Include="lib\McRequestWithContext-inl.h">
      <Filter>Header Files</Filter>
    </ClInclude>
    <ClInclude Include="lib\McRequestWithContext.h">
      <Filter>Header Files</Filter>
    </ClInclude>
    <ClInclude Include="lib\Operation.h">
      <Filter>Header Files</Filter>
    </ClInclude>
    <ClInclude Include="lib\OperationTraits.h">
      <Filter>Header Files</Filter>
    </ClInclude>
    <ClInclude Include="lib\Reply.h">
      <Filter>Header Files</Filter>
    </ClInclude>
    <ClInclude Include="lib\RouteHandleIf.h">
      <Filter>Header Files</Filter>
    </ClInclude>
    <ClInclude Include="lib\StatsReply.h">
      <Filter>Header Files</Filter>
    </ClInclude>
    <ClInclude Include="lib\WeightedCh3HashFunc.h">
      <Filter>Header Files</Filter>
    </ClInclude>
    <ClInclude Include="lib\config\ConfigPreprocessor.h">
      <Filter>Header Files</Filter>
    </ClInclude>
    <ClInclude Include="lib\config\ImportResolverIf.h">
      <Filter>Header Files</Filter>
    </ClInclude>
    <ClInclude Include="lib\config\RouteHandleBuilder.h">
      <Filter>Header Files</Filter>
    </ClInclude>
    <ClInclude Include="lib\config\RouteHandleFactory-inl.h">
      <Filter>Header Files</Filter>
    </ClInclude>
    <ClInclude Include="lib\config\RouteHandleFactory.h">
      <Filter>Header Files</Filter>
    </ClInclude>
    <ClInclude Include="lib\config\RouteHandleProvider-inl.h">
      <Filter>Header Files</Filter>
    </ClInclude>
    <ClInclude Include="lib\config\RouteHandleProvider.h">
      <Filter>Header Files</Filter>
    </ClInclude>
    <ClInclude Include="lib\config\RouteHandleProviderIf.h">
      <Filter>Header Files</Filter>
    </ClInclude>
    <ClInclude Include="lib\config\test\TestRouteHandleProvider.h">
      <Filter>Header Files</Filter>
    </ClInclude>
    <ClInclude Include="lib\fbi\asox_queue.h">
      <Filter>Header Files</Filter>
    </ClInclude>
    <ClInclude Include="lib\fbi\asox_semaphore.h">
      <Filter>Header Files</Filter>
    </ClInclude>
    <ClInclude Include="lib\fbi\asox_timer.h">
      <Filter>Header Files</Filter>
    </ClInclude>
    <ClInclude Include="lib\fbi\counter.h">
      <Filter>Header Files</Filter>
    </ClInclude>
    <ClInclude Include="lib\fbi\counting_sem.h">
      <Filter>Header Files</Filter>
    </ClInclude>
    <ClInclude Include="lib\fbi\cwlock.h">
      <Filter>Header Files</Filter>
    </ClInclude>
    <ClInclude Include="lib\fbi\debug.h">
      <Filter>Header Files</Filter>
    </ClInclude>
    <ClInclude Include="lib\fbi\decls.h">
      <Filter>Header Files</Filter>
    </ClInclude>
    <ClInclude Include="lib\fbi\error.h">
      <Filter>Header Files</Filter>
    </ClInclude>
    <ClInclude Include="lib\fbi\fb_cpu_util.h">
      <Filter>Header Files</Filter>
    </ClInclude>
    <ClInclude Include="lib\fbi\hash.h">
      <Filter>Header Files</Filter>
    </ClInclude>
    <ClInclude Include="lib\fbi\lfcalloc.h">
      <Filter>Header Files</Filter>
    </ClInclude>
    <ClInclude Include="lib\fbi\log_limit.h">
      <Filter>Header Files</Filter>
    </ClInclude>
    <ClInclude Include="lib\fbi\network.h">
      <Filter>Header Files</Filter>
    </ClInclude>
    <ClInclude Include="lib\fbi\nstring.h">
      <Filter>Header Files</Filter>
    </ClInclude>
    <ClInclude Include="lib\fbi\queue.h">
      <Filter>Header Files</Filter>
    </ClInclude>
    <ClInclude Include="lib\fbi\sfrlock.h">
      <Filter>Header Files</Filter>
    </ClInclude>
    <ClInclude Include="lib\fbi\skiplist.h">
      <Filter>Header Files</Filter>
    </ClInclude>
    <ClInclude Include="lib\fbi\time.h">
      <Filter>Header Files</Filter>
    </ClInclude>
    <ClInclude Include="lib\fbi\timer.h">
      <Filter>Header Files</Filter>
    </ClInclude>
    <ClInclude Include="lib\fbi\unix.h">
      <Filter>Header Files</Filter>
    </ClInclude>
    <ClInclude Include="lib\fbi\util.h">
      <Filter>Header Files</Filter>
    </ClInclude>
    <ClInclude Include="lib\fbi\waitable_count.h">
      <Filter>Header Files</Filter>
    </ClInclude>
    <ClInclude Include="lib\fbi\cpp\AtomicLinkedList.h">
      <Filter>Header Files</Filter>
    </ClInclude>
    <ClInclude Include="lib\fbi\cpp\AtomicSharedPtr.h">
      <Filter>Header Files</Filter>
    </ClInclude>
    <ClInclude Include="lib\fbi\cpp\globals.h">
      <Filter>Header Files</Filter>
    </ClInclude>
    <ClInclude Include="lib\fbi\cpp\LogFailure.h">
      <Filter>Header Files</Filter>
    </ClInclude>
    <ClInclude Include="lib\fbi\cpp\ObjectPool.h">
      <Filter>Header Files</Filter>
    </ClInclude>
    <ClInclude Include="lib\fbi\cpp\sfrlock.h">
      <Filter>Header Files</Filter>
    </ClInclude>
    <ClInclude Include="lib\fbi\cpp\ShutdownLock.h">
      <Filter>Header Files</Filter>
    </ClInclude>
    <ClInclude Include="lib\fbi\cpp\StartupLock.h">
      <Filter>Header Files</Filter>
    </ClInclude>
    <ClInclude Include="lib\fbi\cpp\traits.h">
      <Filter>Header Files</Filter>
    </ClInclude>
    <ClInclude Include="lib\fbi\cpp\Trie-inl.h">
      <Filter>Header Files</Filter>
    </ClInclude>
    <ClInclude Include="lib\fbi\cpp\Trie.h">
      <Filter>Header Files</Filter>
    </ClInclude>
    <ClInclude Include="lib\fbi\cpp\TypeList.h">
      <Filter>Header Files</Filter>
    </ClInclude>
    <ClInclude Include="lib\fbi\cpp\util.h">
      <Filter>Header Files</Filter>
    </ClInclude>
    <ClInclude Include="lib\fbi\test\test_util.h">
      <Filter>Header Files</Filter>
    </ClInclude>
    <ClInclude Include="lib\fibers\AddTasks-inl.h">
      <Filter>Header Files</Filter>
    </ClInclude>
    <ClInclude Include="lib\fibers\AddTasks.h">
      <Filter>Header Files</Filter>
    </ClInclude>
    <ClInclude Include="lib\fibers\Baton-inl.h">
      <Filter>Header Files</Filter>
    </ClInclude>
    <ClInclude Include="lib\fibers\Baton.h">
      <Filter>Header Files</Filter>
    </ClInclude>
    <ClInclude Include="lib\fibers\BoostContextCompatibility.h">
      <Filter>Header Files</Filter>
    </ClInclude>
    <ClInclude Include="lib\fibers\EventBaseLoopController-inl.h">
      <Filter>Header Files</Filter>
    </ClInclude>
    <ClInclude Include="lib\fibers\EventBaseLoopController.h">
      <Filter>Header Files</Filter>
    </ClInclude>
    <ClInclude Include="lib\fibers\Fiber-inl.h">
      <Filter>Header Files</Filter>
    </ClInclude>
    <ClInclude Include="lib\fibers\Fiber.h">
      <Filter>Header Files</Filter>
    </ClInclude>
    <ClInclude Include="lib\fibers\FiberManager-inl.h">
      <Filter>Header Files</Filter>
    </ClInclude>
    <ClInclude Include="lib\fibers\FiberManager.h">
      <Filter>Header Files</Filter>
    </ClInclude>
    <ClInclude Include="lib\fibers\FiberPromise-inl.h">
      <Filter>Header Files</Filter>
    </ClInclude>
    <ClInclude Include="lib\fibers\FiberPromise.h">
      <Filter>Header Files</Filter>
    </ClInclude>
    <ClInclude Include="lib\fibers\ForEach-inl.h">
      <Filter>Header Files</Filter>
    </ClInclude>
    <ClInclude Include="lib\fibers\ForEach.h">
      <Filter>Header Files</Filter>
    </ClInclude>
    <ClInclude Include="lib\fibers\GenericBaton.h">
      <Filter>Header Files</Filter>
    </ClInclude>
    <ClInclude Include="lib\fibers\GuardPageAllocator-inl.h">
      <Filter>Header Files</Filter>
    </ClInclude>
    <ClInclude Include="lib\fibers\GuardPageAllocator.h">
      <Filter>Header Files</Filter>
    </ClInclude>
    <ClInclude Include="lib\fibers\LoopController.h">
      <Filter>Header Files</Filter>
    </ClInclude>
    <ClInclude Include="lib\fibers\SimpleLoopController.h">
      <Filter>Header Files</Filter>
    </ClInclude>
    <ClInclude Include="lib\fibers\TimeoutController.h">
      <Filter>Header Files</Filter>
    </ClInclude>
    <ClInclude Include="lib\fibers\WhenN-inl.h">
      <Filter>Header Files</Filter>
    </ClInclude>
    <ClInclude Include="lib\fibers\WhenN.h">
      <Filter>Header Files</Filter>
    </ClInclude>
    <ClInclude Include="lib\mc\ascii_client.h">
      <Filter>Header Files</Filter>
    </ClInclude>
    <ClInclude Include="lib\mc\ascii_response.h">
      <Filter>Header Files</Filter>
    </ClInclude>
    <ClInclude Include="lib\mc\mc_fbtrace_info.h">
      <Filter>Header Files</Filter>
    </ClInclude>
    <ClInclude Include="lib\mc\msg.h">
      <Filter>Header Files</Filter>
    </ClInclude>
    <ClInclude Include="lib\mc\parser.h">
      <Filter>Header Files</Filter>
    </ClInclude>
    <ClInclude Include="lib\mc\protocol.h">
      <Filter>Header Files</Filter>
    </ClInclude>
    <ClInclude Include="lib\mc\umbrella.h">
      <Filter>Header Files</Filter>
    </ClInclude>
    <ClInclude Include="lib\mc\umbrella_conv.h">
      <Filter>Header Files</Filter>
    </ClInclude>
    <ClInclude Include="lib\mc\umbrella_protocol.h">
      <Filter>Header Files</Filter>
    </ClInclude>
    <ClInclude Include="lib\mc\util.h">
      <Filter>Header Files</Filter>
    </ClInclude>
    <ClInclude Include="lib\mc\_protocol.h">
      <Filter>Header Files</Filter>
    </ClInclude>
    <ClInclude Include="lib\network\AsyncMcClient-inl.h">
      <Filter>Header Files</Filter>
    </ClInclude>
    <ClInclude Include="lib\network\AsyncMcClient.h">
      <Filter>Header Files</Filter>
    </ClInclude>
    <ClInclude Include="lib\network\AsyncMcClientImpl-inl.h">
      <Filter>Header Files</Filter>
    </ClInclude>
    <ClInclude Include="lib\network\AsyncMcClientImpl.h">
      <Filter>Header Files</Filter>
    </ClInclude>
    <ClInclude Include="lib\network\AsyncMcServer.h">
      <Filter>Header Files</Filter>
    </ClInclude>
    <ClInclude Include="lib\network\AsyncMcServerWorker.h">
      <Filter>Header Files</Filter>
    </ClInclude>
    <ClInclude Include="lib\network\AsyncMcServerWorkerOptions.h">
      <Filter>Header Files</Filter>
    </ClInclude>
    <ClInclude Include="lib\network\ConnectionOptions.h">
      <Filter>Header Files</Filter>
    </ClInclude>
    <ClInclude Include="lib\network\McParser.h">
      <Filter>Header Files</Filter>
    </ClInclude>
    <ClInclude Include="lib\network\McSerializedRequest.h">
      <Filter>Header Files</Filter>
    </ClInclude>
    <ClInclude Include="lib\network\McServerRequestContext-inl.h">
      <Filter>Header Files</Filter>
    </ClInclude>
    <ClInclude Include="lib\network\McServerRequestContext.h">
      <Filter>Header Files</Filter>
    </ClInclude>
    <ClInclude Include="lib\network\McServerSession.h">
      <Filter>Header Files</Filter>
    </ClInclude>
    <ClInclude Include="lib\network\MultiOpParent.h">
      <Filter>Header Files</Filter>
    </ClInclude>
    <ClInclude Include="lib\network\ThreadLocalSSLContextProvider.h">
      <Filter>Header Files</Filter>
    </ClInclude>
    <ClInclude Include="lib\network\UmbrellaProtocol.h">
      <Filter>Header Files</Filter>
    </ClInclude>
    <ClInclude Include="lib\network\UniqueIntrusiveList.h">
      <Filter>Header Files</Filter>
    </ClInclude>
    <ClInclude Include="lib\network\WriteBuffer.h">
      <Filter>Header Files</Filter>
    </ClInclude>
    <ClInclude Include="lib\network\test\MockMc.h">
      <Filter>Header Files</Filter>
    </ClInclude>
    <ClInclude Include="lib\network\test\SessionTestHarness.h">
      <Filter>Header Files</Filter>
    </ClInclude>
    <ClInclude Include="lib\network\test\TestUtil.h">
      <Filter>Header Files</Filter>
    </ClInclude>
    <ClInclude Include="lib\routes\AllAsyncRoute.h">
      <Filter>Header Files</Filter>
    </ClInclude>
    <ClInclude Include="lib\routes\AllFastestRoute.h">
      <Filter>Header Files</Filter>
    </ClInclude>
    <ClInclude Include="lib\routes\AllInitialRoute.h">
      <Filter>Header Files</Filter>
    </ClInclude>
    <ClInclude Include="lib\routes\AllMajorityRoute.h">
      <Filter>Header Files</Filter>
    </ClInclude>
    <ClInclude Include="lib\routes\AllSyncRoute.h">
      <Filter>Header Files</Filter>
    </ClInclude>
    <ClInclude Include="lib\routes\ErrorRoute.h">
      <Filter>Header Files</Filter>
    </ClInclude>
    <ClInclude Include="lib\routes\FailoverRoute.h">
      <Filter>Header Files</Filter>
    </ClInclude>
    <ClInclude Include="lib\routes\HashRoute.h">
      <Filter>Header Files</Filter>
    </ClInclude>
    <ClInclude Include="lib\routes\HostIdRoute.h">
      <Filter>Header Files</Filter>
    </ClInclude>
    <ClInclude Include="lib\routes\LatestRoute.h">
      <Filter>Header Files</Filter>
    </ClInclude>
    <ClInclude Include="lib\routes\MigrateRoute.h">
      <Filter>Header Files</Filter>
    </ClInclude>
    <ClInclude Include="lib\routes\MissFailoverRoute.h">
      <Filter>Header Files</Filter>
    </ClInclude>
    <ClInclude Include="lib\routes\NullRoute.h">
      <Filter>Header Files</Filter>
    </ClInclude>
    <ClInclude Include="lib\routes\WarmUpRoute.h">
      <Filter>Header Files</Filter>
    </ClInclude>
    <ClInclude Include="lib\test\RouteHandleTestUtil.h">
      <Filter>Header Files</Filter>
    </ClInclude>
    <ClInclude Include="lib\test\TestRequest.h">
      <Filter>Header Files</Filter>
    </ClInclude>
    <ClInclude Include="lib\test\TestRouteHandle.h">
      <Filter>Header Files</Filter>
    </ClInclude>
    <ClInclude Include="routes\AsynclogRoute.h">
      <Filter>Header Files</Filter>
    </ClInclude>
    <ClInclude Include="routes\BigValueRoute-inl.h">
      <Filter>Header Files</Filter>
    </ClInclude>
    <ClInclude Include="routes\BigValueRoute.h">
      <Filter>Header Files</Filter>
    </ClInclude>
    <ClInclude Include="routes\BigValueRouteIf.h">
      <Filter>Header Files</Filter>
    </ClInclude>
    <ClInclude Include="routes\DefaultShadowPolicy.h">
      <Filter>Header Files</Filter>
    </ClInclude>
    <ClInclude Include="routes\DestinationRoute.h">
      <Filter>Header Files</Filter>
    </ClInclude>
    <ClInclude Include="routes\DevNullRoute.h">
      <Filter>Header Files</Filter>
    </ClInclude>
    <ClInclude Include="routes\ExtraRouteHandleProviderIf.h">
      <Filter>Header Files</Filter>
    </ClInclude>
    <ClInclude Include="routes\FailoverWithExptimeRoute.h">
      <Filter>Header Files</Filter>
    </ClInclude>
    <ClInclude Include="routes\FailoverWithExptimeRouteIf.h">
      <Filter>Header Files</Filter>
    </ClInclude>
    <ClInclude Include="routes\McExtraRouteHandleProvider.h">
      <Filter>Header Files</Filter>
    </ClInclude>
    <ClInclude Include="routes\McImportResolver.h">
      <Filter>Header Files</Filter>
    </ClInclude>
    <ClInclude Include="routes\McOpList.h">
      <Filter>Header Files</Filter>
    </ClInclude>
    <ClInclude Include="routes\McRouteHandleBuilder.h">
      <Filter>Header Files</Filter>
    </ClInclude>
    <ClInclude Include="routes\McRouteHandleProvider.h">
      <Filter>Header Files</Filter>
    </ClInclude>
    <ClInclude Include="routes\McrouterRouteHandle.h">
      <Filter>Header Files</Filter>
    </ClInclude>
    <ClInclude Include="routes\PrefixPolicyRoute.h">
      <Filter>Header Files</Filter>
    </ClInclude>
    <ClInclude Include="routes\PrefixRouteSelector.h">
      <Filter>Header Files</Filter>
    </ClInclude>
    <ClInclude Include="routes\ProxyRoute.h">
      <Filter>Header Files</Filter>
    </ClInclude>
    <ClInclude Include="routes\RateLimiter.h">
      <Filter>Header Files</Filter>
    </ClInclude>
    <ClInclude Include="routes\RateLimitRoute.h">
      <Filter>Header Files</Filter>
    </ClInclude>
    <ClInclude Include="routes\ReliablePoolRoute.h">
      <Filter>Header Files</Filter>
    </ClInclude>
    <ClInclude Include="routes\RootRoute.h">
      <Filter>Header Files</Filter>
    </ClInclude>
    <ClInclude Include="routes\RouteHandleMap.h">
      <Filter>Header Files</Filter>
    </ClInclude>
    <ClInclude Include="routes\RoutePolicyMap.h">
      <Filter>Header Files</Filter>
    </ClInclude>
    <ClInclude Include="routes\RouteSelectorMap.h">
      <Filter>Header Files</Filter>
    </ClInclude>
    <ClInclude Include="routes\ShadowRoute.h">
      <Filter>Header Files</Filter>
    </ClInclude>
    <ClInclude Include="routes\ShadowRouteIf.h">
      <Filter>Header Files</Filter>
    </ClInclude>
    <ClInclude Include="routes\ShardHashFunc.h">
      <Filter>Header Files</Filter>
    </ClInclude>
    <ClInclude Include="routes\ShardSplitRoute.h">
      <Filter>Header Files</Filter>
    </ClInclude>
    <ClInclude Include="routes\ShardSplitter.h">
      <Filter>Header Files</Filter>
    </ClInclude>
    <ClInclude Include="routes\TimeProviderFunc.h">
      <Filter>Header Files</Filter>
    </ClInclude>
    <ClInclude Include="test\cpp_unit_tests\mcrouter_test_client.h">
      <Filter>Header Files</Filter>
    </ClInclude>
    <ClInclude Include="test\cpp_unit_tests\MemcacheLocal.h">
      <Filter>Header Files</Filter>
    </ClInclude>
  </ItemGroup>
</Project>